
Microsoft Visual Studio Solution File, Format Version 12.00
# Visual Studio 15
VisualStudioVersion = 15.0.27703.2000
MinimumVisualStudioVersion = 10.0.40219.1
Project("{FAE04EC0-301F-11D3-BF4B-00C04F79EFBC}") = "Orient!", "Orient\Orient!.csproj", "{45D59F1C-6318-436C-8524-12586BAD6562}"
EndProject
Global
	GlobalSection(SolutionConfigurationPlatforms) = preSolution
		Debug|Any CPU = Debug|Any CPU
		Release|Any CPU = Release|Any CPU
	EndGlobalSection
	GlobalSection(ProjectConfigurationPlatforms) = postSolution
		{45D59F1C-6318-436C-8524-12586BAD6562}.Debug|Any CPU.ActiveCfg = Debug|Any CPU
		{45D59F1C-6318-436C-8524-12586BAD6562}.Debug|Any CPU.Build.0 = Debug|Any CPU
		{45D59F1C-6318-436C-8524-12586BAD6562}.Release|Any CPU.ActiveCfg = Release|Any CPU
		{45D59F1C-6318-436C-8524-12586BAD6562}.Release|Any CPU.Build.0 = Release|Any CPU
	EndGlobalSection
	GlobalSection(SolutionProperties) = preSolution
		HideSolutionNode = FALSE
	EndGlobalSection
	GlobalSection(ExtensibilityGlobals) = postSolution
		SolutionGuid = {402985C0-A0FC-46B6-BA29-2AC036BBE21C}
	EndGlobalSection
EndGlobal
